
Microsoft Visual Studio Solution File, Format Version 12.00
# Visual Studio Version 17
VisualStudioVersion = 17.14.36301.6 d17.14
MinimumVisualStudioVersion = 10.0.40219.1
Project("{FAE04EC0-301F-11D3-BF4B-00C04F79EFBC}") = "DVLManagementSystem", "DVLManagementSystem\DVLManagementSystem.csproj", "{EEB88B0D-F5C4-4B39-BF76-1058F602EAB5}"
EndProject
Project("{FAE04EC0-301F-11D3-BF4B-00C04F79EFBC}") = "Business", "..\Buisness\Business.csproj", "{46A8427B-DCFC-4DAF-A14C-E3F4789A993D}"
EndProject
Project("{FAE04EC0-301F-11D3-BF4B-00C04F79EFBC}") = "DataAccessLayer", "..\DataAccessLayer\DataAccessLayer.csproj", "{C1BE28AD-D036-4C77-964C-9EE4ACC6727A}"
EndProject
Global
	GlobalSection(SolutionConfigurationPlatforms) = preSolution
		Debug|Any CPU = Debug|Any CPU
		Release|Any CPU = Release|Any CPU
	EndGlobalSection
	GlobalSection(ProjectConfigurationPlatforms) = postSolution
		{EEB88B0D-F5C4-4B39-BF76-1058F602EAB5}.Debug|Any CPU.ActiveCfg = Debug|Any CPU
		{EEB88B0D-F5C4-4B39-BF76-1058F602EAB5}.Debug|Any CPU.Build.0 = Debug|Any CPU
		{EEB88B0D-F5C4-4B39-BF76-1058F602EAB5}.Release|Any CPU.ActiveCfg = Release|Any CPU
		{EEB88B0D-F5C4-4B39-BF76-1058F602EAB5}.Release|Any CPU.Build.0 = Release|Any CPU
		{46A8427B-DCFC-4DAF-A14C-E3F4789A993D}.Debug|Any CPU.ActiveCfg = Debug|Any CPU
		{46A8427B-DCFC-4DAF-A14C-E3F4789A993D}.Debug|Any CPU.Build.0 = Debug|Any CPU
		{46A8427B-DCFC-4DAF-A14C-E3F4789A993D}.Release|Any CPU.ActiveCfg = Release|Any CPU
		{46A8427B-DCFC-4DAF-A14C-E3F4789A993D}.Release|Any CPU.Build.0 = Release|Any CPU
		{C1BE28AD-D036-4C77-964C-9EE4ACC6727A}.Debug|Any CPU.ActiveCfg = Debug|Any CPU
		{C1BE28AD-D036-4C77-964C-9EE4ACC6727A}.Debug|Any CPU.Build.0 = Debug|Any CPU
		{C1BE28AD-D036-4C77-964C-9EE4ACC6727A}.Release|Any CPU.ActiveCfg = Release|Any CPU
		{C1BE28AD-D036-4C77-964C-9EE4ACC6727A}.Release|Any CPU.Build.0 = Release|Any CPU
	EndGlobalSection
	GlobalSection(SolutionProperties) = preSolution
		HideSolutionNode = FALSE
	EndGlobalSection
	GlobalSection(ExtensibilityGlobals) = postSolution
		SolutionGuid = {49668F54-8DB9-4DB4-B8CB-7B693FF05A9F}
	EndGlobalSection
EndGlobal
